// !$*UTF8*$!
{
	archiveVersion = 1;
	classes = {
	};
	objectVersion = 46;
	objects = {

/* Begin PBXBuildFile section */
		A21401401326D186007C9207 /* ActivityTableCell.xib in Resources */ = {isa = PBXBuildFile; fileRef = A214013F1326D186007C9207 /* ActivityTableCell.xib */; };
		A21401431326DABD007C9207 /* ActivityTableCell.m in Sources */ = {isa = PBXBuildFile; fileRef = A21401421326DABD007C9207 /* ActivityTableCell.m */; };
		A233665B13267F2000DC50DD /* InfoTableViewController.m in Sources */ = {isa = PBXBuildFile; fileRef = A233665913267F2000DC50DD /* InfoTableViewController.m */; };
		A233665C13267F2000DC50DD /* InfoTableViewController.xib in Resources */ = {isa = PBXBuildFile; fileRef = A233665A13267F2000DC50DD /* InfoTableViewController.xib */; };
		A23366641326A48D00DC50DD /* HelpViewController.m in Sources */ = {isa = PBXBuildFile; fileRef = A23366621326A48D00DC50DD /* HelpViewController.m */; };
		A23366651326A48D00DC50DD /* HelpViewController.xib in Resources */ = {isa = PBXBuildFile; fileRef = A23366631326A48D00DC50DD /* HelpViewController.xib */; };
		A233666E1326A53C00DC50DD /* FeedbackViewController.m in Sources */ = {isa = PBXBuildFile; fileRef = A233666C1326A53C00DC50DD /* FeedbackViewController.m */; };
		A233666F1326A53C00DC50DD /* FeedbackViewController.xib in Resources */ = {isa = PBXBuildFile; fileRef = A233666D1326A53C00DC50DD /* FeedbackViewController.xib */; };
		A23366731326A54B00DC50DD /* AboutViewController.m in Sources */ = {isa = PBXBuildFile; fileRef = A23366711326A54B00DC50DD /* AboutViewController.m */; };
		A23366741326A54B00DC50DD /* AboutViewController.xib in Resources */ = {isa = PBXBuildFile; fileRef = A23366721326A54B00DC50DD /* AboutViewController.xib */; };
		A23366781326A55F00DC50DD /* SettingsViewController.m in Sources */ = {isa = PBXBuildFile; fileRef = A23366761326A55F00DC50DD /* SettingsViewController.m */; };
		A23366791326A55F00DC50DD /* SettingsViewController.xib in Resources */ = {isa = PBXBuildFile; fileRef = A23366771326A55F00DC50DD /* SettingsViewController.xib */; };
		A27289961326BCE3001A588D /* UIColor+Boost.m in Sources */ = {isa = PBXBuildFile; fileRef = A27289951326BCE3001A588D /* UIColor+Boost.m */; };
		A27289991326C0AF001A588D /* 53-house.png in Resources */ = {isa = PBXBuildFile; fileRef = A27289981326C0AF001A588D /* 53-house.png */; };
		A272899D1326C105001A588D /* 08-chat.png in Resources */ = {isa = PBXBuildFile; fileRef = A272899C1326C105001A588D /* 08-chat.png */; };
		A272899F1326C11F001A588D /* 96-book.png in Resources */ = {isa = PBXBuildFile; fileRef = A272899E1326C11F001A588D /* 96-book.png */; };
		A27289A11326C180001A588D /* 112-group.png in Resources */ = {isa = PBXBuildFile; fileRef = A27289A01326C180001A588D /* 112-group.png */; };
		A27289A31326C191001A588D /* 123-id-card.png in Resources */ = {isa = PBXBuildFile; fileRef = A27289A21326C191001A588D /* 123-id-card.png */; };
		A2791F7F132AB35800D900C9 /* QuartzCore.framework in Frameworks */ = {isa = PBXBuildFile; fileRef = A2791F7E132AB35800D900C9 /* QuartzCore.framework */; };
		A2791F82132ABF0800D900C9 /* BlockingActivityView.m in Sources */ = {isa = PBXBuildFile; fileRef = A2791F81132ABF0800D900C9 /* BlockingActivityView.m */; };
		A27B88AA132EB3B600740C83 /* refresh.png in Resources */ = {isa = PBXBuildFile; fileRef = A27B88A9132EB3B600740C83 /* refresh.png */; };
		A28CB5FF132ECD95000B669D /* GradebookItemGradeDetailViewController.m in Sources */ = {isa = PBXBuildFile; fileRef = A28CB5FD132ECD95000B669D /* GradebookItemGradeDetailViewController.m */; };
		A28CB600132ECD95000B669D /* GradebookItemGradeDetailViewController.xib in Resources */ = {isa = PBXBuildFile; fileRef = A28CB5FE132ECD95000B669D /* GradebookItemGradeDetailViewController.xib */; };
		A2A96751132E826D00554238 /* GTMNSString+HTML.m in Sources */ = {isa = PBXBuildFile; fileRef = A2A96750132E826D00554238 /* GTMNSString+HTML.m */; };
		A2B0D27F1326FA87008801E2 /* ic_dropbox_submission.png in Resources */ = {isa = PBXBuildFile; fileRef = A2B0D2791326FA87008801E2 /* ic_dropbox_submission.png */; };
		A2B0D2801326FA87008801E2 /* ic_exam_submission.png in Resources */ = {isa = PBXBuildFile; fileRef = A2B0D27A1326FA87008801E2 /* ic_exam_submission.png */; };
		A2B0D2811326FA87008801E2 /* ic_grade.png in Resources */ = {isa = PBXBuildFile; fileRef = A2B0D27B1326FA87008801E2 /* ic_grade.png */; };
		A2B0D2821326FA87008801E2 /* ic_remark.png in Resources */ = {isa = PBXBuildFile; fileRef = A2B0D27C1326FA87008801E2 /* ic_remark.png */; };
		A2B0D2831326FA87008801E2 /* ic_thread_post.png in Resources */ = {isa = PBXBuildFile; fileRef = A2B0D27D1326FA87008801E2 /* ic_thread_post.png */; };
		A2B0D2841326FA87008801E2 /* ic_thread_topic.png in Resources */ = {isa = PBXBuildFile; fileRef = A2B0D27E1326FA87008801E2 /* ic_thread_topic.png */; };
		A2D182781330079600AAC152 /* PullRefreshTableViewController.m in Sources */ = {isa = PBXBuildFile; fileRef = A2D182761330079600AAC152 /* PullRefreshTableViewController.m */; };
		A2D1827A133009BE00AAC152 /* arrow.png in Resources */ = {isa = PBXBuildFile; fileRef = A2D18279133009BE00AAC152 /* arrow.png */; };
		A2EE3ED5132037DC00745C1C /* HomeViewController.m in Sources */ = {isa = PBXBuildFile; fileRef = A2EE3ED3132037DC00745C1C /* HomeViewController.m */; };
		A2EE3EDA1320421800745C1C /* DiscussionsViewController.m in Sources */ = {isa = PBXBuildFile; fileRef = A2EE3ED81320421800745C1C /* DiscussionsViewController.m */; };
		A2EE3EDB1320421800745C1C /* DiscussionsViewController.xib in Resources */ = {isa = PBXBuildFile; fileRef = A2EE3ED91320421800745C1C /* DiscussionsViewController.xib */; };
		A2EE3EDF1320425C00745C1C /* CoursesViewController.m in Sources */ = {isa = PBXBuildFile; fileRef = A2EE3EDD1320425C00745C1C /* CoursesViewController.m */; };
		A2EE3EE01320425C00745C1C /* CoursesViewController.xib in Resources */ = {isa = PBXBuildFile; fileRef = A2EE3EDE1320425C00745C1C /* CoursesViewController.xib */; };
		A2EE3EE41320429400745C1C /* PeopleViewController.m in Sources */ = {isa = PBXBuildFile; fileRef = A2EE3EE21320429400745C1C /* PeopleViewController.m */; };
		A2EE3EE51320429400745C1C /* PeopleViewController.xib in Resources */ = {isa = PBXBuildFile; fileRef = A2EE3EE31320429400745C1C /* PeopleViewController.xib */; };
		A2EE3EE9132042D800745C1C /* ProfileViewController.m in Sources */ = {isa = PBXBuildFile; fileRef = A2EE3EE7132042D800745C1C /* ProfileViewController.m */; };
		A2EE3EEA132042D800745C1C /* ProfileViewController.xib in Resources */ = {isa = PBXBuildFile; fileRef = A2EE3EE8132042D800745C1C /* ProfileViewController.xib */; };
		A2FA6E8013206E3B0063268C /* HomeViewController.xib in Resources */ = {isa = PBXBuildFile; fileRef = A2FA6E8213206E3B0063268C /* HomeViewController.xib */; };
		EA7A9F5A13146E3400D9EC6A /* libECAPI.a in Frameworks */ = {isa = PBXBuildFile; fileRef = EA7A9F5913146E3400D9EC6A /* libECAPI.a */; settings = {ATTRIBUTES = (Required, ); }; };
		EA7A9FBA1314738300D9EC6A /* SystemConfiguration.framework in Frameworks */ = {isa = PBXBuildFile; fileRef = EA7A9FB91314738300D9EC6A /* SystemConfiguration.framework */; };
		EA7A9FBC1314738F00D9EC6A /* MobileCoreServices.framework in Frameworks */ = {isa = PBXBuildFile; fileRef = EA7A9FBB1314738F00D9EC6A /* MobileCoreServices.framework */; };
		EA7A9FBE131473A100D9EC6A /* CFNetwork.framework in Frameworks */ = {isa = PBXBuildFile; fileRef = EA7A9FBD131473A100D9EC6A /* CFNetwork.framework */; };
		EA7A9FC0131473D500D9EC6A /* libz.1.2.3.dylib in Frameworks */ = {isa = PBXBuildFile; fileRef = EA7A9FBF131473D500D9EC6A /* libz.1.2.3.dylib */; };
		EAAE7D8313142B7A0051B2A9 /* UIKit.framework in Frameworks */ = {isa = PBXBuildFile; fileRef = EAAE7D8213142B7A0051B2A9 /* UIKit.framework */; };
		EAAE7D8513142B7A0051B2A9 /* Foundation.framework in Frameworks */ = {isa = PBXBuildFile; fileRef = EAAE7D8413142B7A0051B2A9 /* Foundation.framework */; };
		EAAE7D8713142B7A0051B2A9 /* CoreGraphics.framework in Frameworks */ = {isa = PBXBuildFile; fileRef = EAAE7D8613142B7A0051B2A9 /* CoreGraphics.framework */; };
		EAAE7D8D13142B7A0051B2A9 /* InfoPlist.strings in Resources */ = {isa = PBXBuildFile; fileRef = EAAE7D8B13142B7A0051B2A9 /* InfoPlist.strings */; };
		EAAE7D9013142B7A0051B2A9 /* main.m in Sources */ = {isa = PBXBuildFile; fileRef = EAAE7D8F13142B7A0051B2A9 /* main.m */; };
		EAAE7D9313142B7A0051B2A9 /* eCollegeAppDelegate.m in Sources */ = {isa = PBXBuildFile; fileRef = EAAE7D9213142B7A0051B2A9 /* eCollegeAppDelegate.m */; };
		EAAE7D9613142B7A0051B2A9 /* MainWindow.xib in Resources */ = {isa = PBXBuildFile; fileRef = EAAE7D9413142B7A0051B2A9 /* MainWindow.xib */; };
		EAAE7D9913142B7A0051B2A9 /* LogInViewController.m in Sources */ = {isa = PBXBuildFile; fileRef = EAAE7D9813142B7A0051B2A9 /* LogInViewController.m */; };
		EAAE7D9C13142B7A0051B2A9 /* LogInView.xib in Resources */ = {isa = PBXBuildFile; fileRef = EAAE7D9A13142B7A0051B2A9 /* LogInView.xib */; };
		EAD2DFF913181E7500A4D89C /* ECClientConfiguration.m in Sources */ = {isa = PBXBuildFile; fileRef = EAD2DFF813181E7500A4D89C /* ECClientConfiguration.m */; };
/* End PBXBuildFile section */

/* Begin PBXContainerItemProxy section */
		EA7A9F5313146C9E00D9EC6A /* PBXContainerItemProxy */ = {
			isa = PBXContainerItemProxy;
			containerPortal = EA7A9F4A13146C9D00D9EC6A /* ECAPI.xcodeproj */;
			proxyType = 2;
			remoteGlobalIDString = D2AAC07E0554694100DB518D;
			remoteInfo = ECAPI;
		};
		EA7A9F5513146C9E00D9EC6A /* PBXContainerItemProxy */ = {
			isa = PBXContainerItemProxy;
			containerPortal = EA7A9F4A13146C9D00D9EC6A /* ECAPI.xcodeproj */;
			proxyType = 2;
			remoteGlobalIDString = EABEEA8012F8CBE40028857E;
			remoteInfo = Tests;
		};
		EA7A9F5713146E2800D9EC6A /* PBXContainerItemProxy */ = {
			isa = PBXContainerItemProxy;
			containerPortal = EA7A9F4A13146C9D00D9EC6A /* ECAPI.xcodeproj */;
			proxyType = 1;
			remoteGlobalIDString = D2AAC07D0554694100DB518D;
			remoteInfo = ECAPI;
		};
/* End PBXContainerItemProxy section */

/* Begin PBXFileReference section */
		A214013F1326D186007C9207 /* ActivityTableCell.xib */ = {isa = PBXFileReference; fileEncoding = 4; lastKnownFileType = file.xib; path = ActivityTableCell.xib; sourceTree = "<group>"; };
		A21401411326DABD007C9207 /* ActivityTableCell.h */ = {isa = PBXFileReference; fileEncoding = 4; lastKnownFileType = sourcecode.c.h; path = ActivityTableCell.h; sourceTree = "<group>"; };
		A21401421326DABD007C9207 /* ActivityTableCell.m */ = {isa = PBXFileReference; fileEncoding = 4; lastKnownFileType = sourcecode.c.objc; path = ActivityTableCell.m; sourceTree = "<group>"; };
		A233665813267F2000DC50DD /* InfoTableViewController.h */ = {isa = PBXFileReference; fileEncoding = 4; lastKnownFileType = sourcecode.c.h; path = InfoTableViewController.h; sourceTree = "<group>"; };
		A233665913267F2000DC50DD /* InfoTableViewController.m */ = {isa = PBXFileReference; fileEncoding = 4; lastKnownFileType = sourcecode.c.objc; path = InfoTableViewController.m; sourceTree = "<group>"; };
		A233665A13267F2000DC50DD /* InfoTableViewController.xib */ = {isa = PBXFileReference; fileEncoding = 4; lastKnownFileType = file.xib; path = InfoTableViewController.xib; sourceTree = "<group>"; };
		A23366611326A48D00DC50DD /* HelpViewController.h */ = {isa = PBXFileReference; fileEncoding = 4; lastKnownFileType = sourcecode.c.h; path = HelpViewController.h; sourceTree = "<group>"; };
		A23366621326A48D00DC50DD /* HelpViewController.m */ = {isa = PBXFileReference; fileEncoding = 4; lastKnownFileType = sourcecode.c.objc; path = HelpViewController.m; sourceTree = "<group>"; };
		A23366631326A48D00DC50DD /* HelpViewController.xib */ = {isa = PBXFileReference; fileEncoding = 4; lastKnownFileType = file.xib; path = HelpViewController.xib; sourceTree = "<group>"; };
		A233666B1326A53C00DC50DD /* FeedbackViewController.h */ = {isa = PBXFileReference; fileEncoding = 4; lastKnownFileType = sourcecode.c.h; path = FeedbackViewController.h; sourceTree = "<group>"; };
		A233666C1326A53C00DC50DD /* FeedbackViewController.m */ = {isa = PBXFileReference; fileEncoding = 4; lastKnownFileType = sourcecode.c.objc; path = FeedbackViewController.m; sourceTree = "<group>"; };
		A233666D1326A53C00DC50DD /* FeedbackViewController.xib */ = {isa = PBXFileReference; fileEncoding = 4; lastKnownFileType = file.xib; path = FeedbackViewController.xib; sourceTree = "<group>"; };
		A23366701326A54B00DC50DD /* AboutViewController.h */ = {isa = PBXFileReference; fileEncoding = 4; lastKnownFileType = sourcecode.c.h; path = AboutViewController.h; sourceTree = "<group>"; };
		A23366711326A54B00DC50DD /* AboutViewController.m */ = {isa = PBXFileReference; fileEncoding = 4; lastKnownFileType = sourcecode.c.objc; path = AboutViewController.m; sourceTree = "<group>"; };
		A23366721326A54B00DC50DD /* AboutViewController.xib */ = {isa = PBXFileReference; fileEncoding = 4; lastKnownFileType = file.xib; path = AboutViewController.xib; sourceTree = "<group>"; };
		A23366751326A55F00DC50DD /* SettingsViewController.h */ = {isa = PBXFileReference; fileEncoding = 4; lastKnownFileType = sourcecode.c.h; path = SettingsViewController.h; sourceTree = "<group>"; };
		A23366761326A55F00DC50DD /* SettingsViewController.m */ = {isa = PBXFileReference; fileEncoding = 4; lastKnownFileType = sourcecode.c.objc; path = SettingsViewController.m; sourceTree = "<group>"; };
		A23366771326A55F00DC50DD /* SettingsViewController.xib */ = {isa = PBXFileReference; fileEncoding = 4; lastKnownFileType = file.xib; path = SettingsViewController.xib; sourceTree = "<group>"; };
		A27289941326BCE3001A588D /* UIColor+Boost.h */ = {isa = PBXFileReference; fileEncoding = 4; lastKnownFileType = sourcecode.c.h; path = "UIColor+Boost.h"; sourceTree = "<group>"; };
		A27289951326BCE3001A588D /* UIColor+Boost.m */ = {isa = PBXFileReference; fileEncoding = 4; lastKnownFileType = sourcecode.c.objc; path = "UIColor+Boost.m"; sourceTree = "<group>"; };
		A27289981326C0AF001A588D /* 53-house.png */ = {isa = PBXFileReference; lastKnownFileType = image.png; path = "53-house.png"; sourceTree = "<group>"; };
		A272899C1326C105001A588D /* 08-chat.png */ = {isa = PBXFileReference; lastKnownFileType = image.png; path = "08-chat.png"; sourceTree = "<group>"; };
		A272899E1326C11F001A588D /* 96-book.png */ = {isa = PBXFileReference; lastKnownFileType = image.png; path = "96-book.png"; sourceTree = "<group>"; };
		A27289A01326C180001A588D /* 112-group.png */ = {isa = PBXFileReference; lastKnownFileType = image.png; path = "112-group.png"; sourceTree = "<group>"; };
		A27289A21326C191001A588D /* 123-id-card.png */ = {isa = PBXFileReference; lastKnownFileType = image.png; path = "123-id-card.png"; sourceTree = "<group>"; };
		A2791F7E132AB35800D900C9 /* QuartzCore.framework */ = {isa = PBXFileReference; lastKnownFileType = wrapper.framework; name = QuartzCore.framework; path = System/Library/Frameworks/QuartzCore.framework; sourceTree = SDKROOT; };
		A2791F80132ABF0800D900C9 /* BlockingActivityView.h */ = {isa = PBXFileReference; fileEncoding = 4; lastKnownFileType = sourcecode.c.h; path = BlockingActivityView.h; sourceTree = "<group>"; };
		A2791F81132ABF0800D900C9 /* BlockingActivityView.m */ = {isa = PBXFileReference; fileEncoding = 4; lastKnownFileType = sourcecode.c.objc; path = BlockingActivityView.m; sourceTree = "<group>"; };
		A27B88A9132EB3B600740C83 /* refresh.png */ = {isa = PBXFileReference; lastKnownFileType = image.png; path = refresh.png; sourceTree = "<group>"; };
		A28CB5FC132ECD95000B669D /* GradebookItemGradeDetailViewController.h */ = {isa = PBXFileReference; fileEncoding = 4; lastKnownFileType = sourcecode.c.h; path = GradebookItemGradeDetailViewController.h; sourceTree = "<group>"; };
		A28CB5FD132ECD95000B669D /* GradebookItemGradeDetailViewController.m */ = {isa = PBXFileReference; fileEncoding = 4; lastKnownFileType = sourcecode.c.objc; path = GradebookItemGradeDetailViewController.m; sourceTree = "<group>"; };
		A28CB5FE132ECD95000B669D /* GradebookItemGradeDetailViewController.xib */ = {isa = PBXFileReference; fileEncoding = 4; lastKnownFileType = file.xib; path = GradebookItemGradeDetailViewController.xib; sourceTree = "<group>"; };
		A2A9674F132E826D00554238 /* GTMNSString+HTML.h */ = {isa = PBXFileReference; fileEncoding = 4; lastKnownFileType = sourcecode.c.h; name = "GTMNSString+HTML.h"; path = "../../ecollegeiosapi/ECAPI/GTMNSString+HTML.h"; sourceTree = "<group>"; };
		A2A96750132E826D00554238 /* GTMNSString+HTML.m */ = {isa = PBXFileReference; fileEncoding = 4; lastKnownFileType = sourcecode.c.objc; name = "GTMNSString+HTML.m"; path = "../../ecollegeiosapi/ECAPI/GTMNSString+HTML.m"; sourceTree = "<group>"; };
		A2B0D2791326FA87008801E2 /* ic_dropbox_submission.png */ = {isa = PBXFileReference; lastKnownFileType = image.png; path = ic_dropbox_submission.png; sourceTree = "<group>"; };
		A2B0D27A1326FA87008801E2 /* ic_exam_submission.png */ = {isa = PBXFileReference; lastKnownFileType = image.png; path = ic_exam_submission.png; sourceTree = "<group>"; };
		A2B0D27B1326FA87008801E2 /* ic_grade.png */ = {isa = PBXFileReference; lastKnownFileType = image.png; path = ic_grade.png; sourceTree = "<group>"; };
		A2B0D27C1326FA87008801E2 /* ic_remark.png */ = {isa = PBXFileReference; lastKnownFileType = image.png; path = ic_remark.png; sourceTree = "<group>"; };
		A2B0D27D1326FA87008801E2 /* ic_thread_post.png */ = {isa = PBXFileReference; lastKnownFileType = image.png; path = ic_thread_post.png; sourceTree = "<group>"; };
		A2B0D27E1326FA87008801E2 /* ic_thread_topic.png */ = {isa = PBXFileReference; lastKnownFileType = image.png; path = ic_thread_topic.png; sourceTree = "<group>"; };
		A2D182761330079600AAC152 /* PullRefreshTableViewController.m */ = {isa = PBXFileReference; fileEncoding = 4; lastKnownFileType = sourcecode.c.objc; path = PullRefreshTableViewController.m; sourceTree = "<group>"; };
		A2D182771330079600AAC152 /* PullRefreshTableViewController.h */ = {isa = PBXFileReference; fileEncoding = 4; lastKnownFileType = sourcecode.c.h; path = PullRefreshTableViewController.h; sourceTree = "<group>"; };
		A2D18279133009BE00AAC152 /* arrow.png */ = {isa = PBXFileReference; lastKnownFileType = image.png; path = arrow.png; sourceTree = "<group>"; };
		A2EE3ED2132037DC00745C1C /* HomeViewController.h */ = {isa = PBXFileReference; fileEncoding = 4; lastKnownFileType = sourcecode.c.h; path = HomeViewController.h; sourceTree = "<group>"; };
		A2EE3ED3132037DC00745C1C /* HomeViewController.m */ = {isa = PBXFileReference; fileEncoding = 4; lastKnownFileType = sourcecode.c.objc; path = HomeViewController.m; sourceTree = "<group>"; };
		A2EE3ED71320421800745C1C /* DiscussionsViewController.h */ = {isa = PBXFileReference; fileEncoding = 4; lastKnownFileType = sourcecode.c.h; path = DiscussionsViewController.h; sourceTree = "<group>"; };
		A2EE3ED81320421800745C1C /* DiscussionsViewController.m */ = {isa = PBXFileReference; fileEncoding = 4; lastKnownFileType = sourcecode.c.objc; path = DiscussionsViewController.m; sourceTree = "<group>"; };
		A2EE3ED91320421800745C1C /* DiscussionsViewController.xib */ = {isa = PBXFileReference; fileEncoding = 4; lastKnownFileType = file.xib; path = DiscussionsViewController.xib; sourceTree = "<group>"; };
		A2EE3EDC1320425C00745C1C /* CoursesViewController.h */ = {isa = PBXFileReference; fileEncoding = 4; lastKnownFileType = sourcecode.c.h; path = CoursesViewController.h; sourceTree = "<group>"; };
		A2EE3EDD1320425C00745C1C /* CoursesViewController.m */ = {isa = PBXFileReference; fileEncoding = 4; lastKnownFileType = sourcecode.c.objc; path = CoursesViewController.m; sourceTree = "<group>"; };
		A2EE3EDE1320425C00745C1C /* CoursesViewController.xib */ = {isa = PBXFileReference; fileEncoding = 4; lastKnownFileType = file.xib; path = CoursesViewController.xib; sourceTree = "<group>"; };
		A2EE3EE11320429400745C1C /* PeopleViewController.h */ = {isa = PBXFileReference; fileEncoding = 4; lastKnownFileType = sourcecode.c.h; path = PeopleViewController.h; sourceTree = "<group>"; };
		A2EE3EE21320429400745C1C /* PeopleViewController.m */ = {isa = PBXFileReference; fileEncoding = 4; lastKnownFileType = sourcecode.c.objc; path = PeopleViewController.m; sourceTree = "<group>"; };
		A2EE3EE31320429400745C1C /* PeopleViewController.xib */ = {isa = PBXFileReference; fileEncoding = 4; lastKnownFileType = file.xib; path = PeopleViewController.xib; sourceTree = "<group>"; };
		A2EE3EE6132042D800745C1C /* ProfileViewController.h */ = {isa = PBXFileReference; fileEncoding = 4; lastKnownFileType = sourcecode.c.h; path = ProfileViewController.h; sourceTree = "<group>"; };
		A2EE3EE7132042D800745C1C /* ProfileViewController.m */ = {isa = PBXFileReference; fileEncoding = 4; lastKnownFileType = sourcecode.c.objc; path = ProfileViewController.m; sourceTree = "<group>"; };
		A2EE3EE8132042D800745C1C /* ProfileViewController.xib */ = {isa = PBXFileReference; fileEncoding = 4; lastKnownFileType = file.xib; path = ProfileViewController.xib; sourceTree = "<group>"; };
		A2FA6E8113206E3B0063268C /* en */ = {isa = PBXFileReference; lastKnownFileType = file.xib; name = en; path = en.lproj/HomeViewController.xib; sourceTree = "<group>"; };
		EA7A9F4A13146C9D00D9EC6A /* ECAPI.xcodeproj */ = {isa = PBXFileReference; lastKnownFileType = "wrapper.pb-project"; name = ECAPI.xcodeproj; path = ../ecollegeiosapi/ECAPI/ECAPI.xcodeproj; sourceTree = "<group>"; };
		EA7A9F5913146E3400D9EC6A /* libECAPI.a */ = {isa = PBXFileReference; explicitFileType = archive.ar; path = libECAPI.a; sourceTree = SOURCE_ROOT; };
		EA7A9FB91314738300D9EC6A /* SystemConfiguration.framework */ = {isa = PBXFileReference; lastKnownFileType = wrapper.framework; name = SystemConfiguration.framework; path = System/Library/Frameworks/SystemConfiguration.framework; sourceTree = SDKROOT; };
		EA7A9FBB1314738F00D9EC6A /* MobileCoreServices.framework */ = {isa = PBXFileReference; lastKnownFileType = wrapper.framework; name = MobileCoreServices.framework; path = System/Library/Frameworks/MobileCoreServices.framework; sourceTree = SDKROOT; };
		EA7A9FBD131473A100D9EC6A /* CFNetwork.framework */ = {isa = PBXFileReference; lastKnownFileType = wrapper.framework; name = CFNetwork.framework; path = System/Library/Frameworks/CFNetwork.framework; sourceTree = SDKROOT; };
		EA7A9FBF131473D500D9EC6A /* libz.1.2.3.dylib */ = {isa = PBXFileReference; lastKnownFileType = "compiled.mach-o.dylib"; name = libz.1.2.3.dylib; path = usr/lib/libz.1.2.3.dylib; sourceTree = SDKROOT; };
		EAAE7D7E13142B7A0051B2A9 /* eCollege.app */ = {isa = PBXFileReference; explicitFileType = wrapper.application; includeInIndex = 0; path = eCollege.app; sourceTree = BUILT_PRODUCTS_DIR; };
		EAAE7D8213142B7A0051B2A9 /* UIKit.framework */ = {isa = PBXFileReference; lastKnownFileType = wrapper.framework; name = UIKit.framework; path = System/Library/Frameworks/UIKit.framework; sourceTree = SDKROOT; };
		EAAE7D8413142B7A0051B2A9 /* Foundation.framework */ = {isa = PBXFileReference; lastKnownFileType = wrapper.framework; name = Foundation.framework; path = System/Library/Frameworks/Foundation.framework; sourceTree = SDKROOT; };
		EAAE7D8613142B7A0051B2A9 /* CoreGraphics.framework */ = {isa = PBXFileReference; lastKnownFileType = wrapper.framework; name = CoreGraphics.framework; path = System/Library/Frameworks/CoreGraphics.framework; sourceTree = SDKROOT; };
		EAAE7D8A13142B7A0051B2A9 /* eCollege-Info.plist */ = {isa = PBXFileReference; lastKnownFileType = text.plist.xml; path = "eCollege-Info.plist"; sourceTree = "<group>"; };
		EAAE7D8C13142B7A0051B2A9 /* en */ = {isa = PBXFileReference; lastKnownFileType = text.plist.strings; name = en; path = en.lproj/InfoPlist.strings; sourceTree = "<group>"; };
		EAAE7D8E13142B7A0051B2A9 /* eCollege-Prefix.pch */ = {isa = PBXFileReference; lastKnownFileType = sourcecode.c.h; path = "eCollege-Prefix.pch"; sourceTree = "<group>"; };
		EAAE7D8F13142B7A0051B2A9 /* main.m */ = {isa = PBXFileReference; lastKnownFileType = sourcecode.c.objc; path = main.m; sourceTree = "<group>"; };
		EAAE7D9113142B7A0051B2A9 /* eCollegeAppDelegate.h */ = {isa = PBXFileReference; lastKnownFileType = sourcecode.c.h; path = eCollegeAppDelegate.h; sourceTree = "<group>"; };
		EAAE7D9213142B7A0051B2A9 /* eCollegeAppDelegate.m */ = {isa = PBXFileReference; lastKnownFileType = sourcecode.c.objc; path = eCollegeAppDelegate.m; sourceTree = "<group>"; };
		EAAE7D9513142B7A0051B2A9 /* en */ = {isa = PBXFileReference; lastKnownFileType = file.xib; name = en; path = en.lproj/MainWindow.xib; sourceTree = "<group>"; };
		EAAE7D9713142B7A0051B2A9 /* LogInViewController.h */ = {isa = PBXFileReference; lastKnownFileType = sourcecode.c.h; path = LogInViewController.h; sourceTree = "<group>"; };
		EAAE7D9813142B7A0051B2A9 /* LogInViewController.m */ = {isa = PBXFileReference; lastKnownFileType = sourcecode.c.objc; path = LogInViewController.m; sourceTree = "<group>"; };
		EAAE7D9B13142B7A0051B2A9 /* en */ = {isa = PBXFileReference; lastKnownFileType = file.xib; name = en; path = en.lproj/LogInView.xib; sourceTree = "<group>"; };
		EAD2DFF713181E7500A4D89C /* ECClientConfiguration.h */ = {isa = PBXFileReference; fileEncoding = 4; lastKnownFileType = sourcecode.c.h; path = ECClientConfiguration.h; sourceTree = "<group>"; };
		EAD2DFF813181E7500A4D89C /* ECClientConfiguration.m */ = {isa = PBXFileReference; fileEncoding = 4; lastKnownFileType = sourcecode.c.objc; path = ECClientConfiguration.m; sourceTree = "<group>"; };
/* End PBXFileReference section */

/* Begin PBXFrameworksBuildPhase section */
		EAAE7D7B13142B7A0051B2A9 /* Frameworks */ = {
			isa = PBXFrameworksBuildPhase;
			buildActionMask = 2147483647;
			files = (
				A2791F7F132AB35800D900C9 /* QuartzCore.framework in Frameworks */,
				EA7A9F5A13146E3400D9EC6A /* libECAPI.a in Frameworks */,
				EA7A9FC0131473D500D9EC6A /* libz.1.2.3.dylib in Frameworks */,
				EA7A9FBE131473A100D9EC6A /* CFNetwork.framework in Frameworks */,
				EA7A9FBC1314738F00D9EC6A /* MobileCoreServices.framework in Frameworks */,
				EA7A9FBA1314738300D9EC6A /* SystemConfiguration.framework in Frameworks */,
				EAAE7D8313142B7A0051B2A9 /* UIKit.framework in Frameworks */,
				EAAE7D8513142B7A0051B2A9 /* Foundation.framework in Frameworks */,
				EAAE7D8713142B7A0051B2A9 /* CoreGraphics.framework in Frameworks */,
			);
			runOnlyForDeploymentPostprocessing = 0;
		};
/* End PBXFrameworksBuildPhase section */

/* Begin PBXGroup section */
		A233665213267E2C00DC50DD /* Info */ = {
			isa = PBXGroup;
			children = (
				A233665813267F2000DC50DD /* InfoTableViewController.h */,
				A233665913267F2000DC50DD /* InfoTableViewController.m */,
				A233665A13267F2000DC50DD /* InfoTableViewController.xib */,
			);
			name = Info;
			sourceTree = "<group>";
		};
		A233665D1326A42500DC50DD /* Settings */ = {
			isa = PBXGroup;
			children = (
				A23366751326A55F00DC50DD /* SettingsViewController.h */,
				A23366761326A55F00DC50DD /* SettingsViewController.m */,
				A23366771326A55F00DC50DD /* SettingsViewController.xib */,
			);
			name = Settings;
			sourceTree = "<group>";
		};
		A233665E1326A42D00DC50DD /* About */ = {
			isa = PBXGroup;
			children = (
				A23366701326A54B00DC50DD /* AboutViewController.h */,
				A23366711326A54B00DC50DD /* AboutViewController.m */,
				A23366721326A54B00DC50DD /* AboutViewController.xib */,
			);
			name = About;
			sourceTree = "<group>";
		};
		A233665F1326A44200DC50DD /* Feedback */ = {
			isa = PBXGroup;
			children = (
				A233666C1326A53C00DC50DD /* FeedbackViewController.m */,
				A233666B1326A53C00DC50DD /* FeedbackViewController.h */,
				A233666D1326A53C00DC50DD /* FeedbackViewController.xib */,
			);
			name = Feedback;
			sourceTree = "<group>";
		};
		A23366601326A44900DC50DD /* Help */ = {
			isa = PBXGroup;
			children = (
				A23366611326A48D00DC50DD /* HelpViewController.h */,
				A23366621326A48D00DC50DD /* HelpViewController.m */,
				A23366631326A48D00DC50DD /* HelpViewController.xib */,
			);
			name = Help;
			sourceTree = "<group>";
		};
		A27289931326BCD2001A588D /* Utilities */ = {
			isa = PBXGroup;
			children = (
				A2D182761330079600AAC152 /* PullRefreshTableViewController.m */,
				A2D182771330079600AAC152 /* PullRefreshTableViewController.h */,
				A2A9674F132E826D00554238 /* GTMNSString+HTML.h */,
				A2A96750132E826D00554238 /* GTMNSString+HTML.m */,
				A27289941326BCE3001A588D /* UIColor+Boost.h */,
				A27289951326BCE3001A588D /* UIColor+Boost.m */,
				A2791F80132ABF0800D900C9 /* BlockingActivityView.h */,
				A2791F81132ABF0800D900C9 /* BlockingActivityView.m */,
			);
			name = Utilities;
			sourceTree = "<group>";
		};
		A27289971326C045001A588D /* Resources */ = {
			isa = PBXGroup;
			children = (
				A2D18279133009BE00AAC152 /* arrow.png */,
				A27B88A9132EB3B600740C83 /* refresh.png */,
				A2B0D2791326FA87008801E2 /* ic_dropbox_submission.png */,
				A2B0D27A1326FA87008801E2 /* ic_exam_submission.png */,
				A2B0D27B1326FA87008801E2 /* ic_grade.png */,
				A2B0D27C1326FA87008801E2 /* ic_remark.png */,
				A2B0D27D1326FA87008801E2 /* ic_thread_post.png */,
				A2B0D27E1326FA87008801E2 /* ic_thread_topic.png */,
				A27289A21326C191001A588D /* 123-id-card.png */,
				A27289A01326C180001A588D /* 112-group.png */,
				A272899E1326C11F001A588D /* 96-book.png */,
				A272899C1326C105001A588D /* 08-chat.png */,
				A27289981326C0AF001A588D /* 53-house.png */,
			);
			name = Resources;
			sourceTree = "<group>";
		};
		A28CB5F8132ECD43000B669D /* GradebookDetail */ = {
			isa = PBXGroup;
			children = (
				A28CB5FC132ECD95000B669D /* GradebookItemGradeDetailViewController.h */,
				A28CB5FD132ECD95000B669D /* GradebookItemGradeDetailViewController.m */,
				A28CB5FE132ECD95000B669D /* GradebookItemGradeDetailViewController.xib */,
			);
			name = GradebookDetail;
			sourceTree = "<group>";
		};
		A28CB5F9132ECD51000B669D /* DropboxDetail */ = {
			isa = PBXGroup;
			children = (
			);
			name = DropboxDetail;
			sourceTree = "<group>";
		};
		A28CB5FA132ECD61000B669D /* TopicDetail */ = {
			isa = PBXGroup;
			children = (
			);
			name = TopicDetail;
			sourceTree = "<group>";
		};
		A28CB5FB132ECD69000B669D /* ReplyDetail */ = {
			isa = PBXGroup;
			children = (
			);
			name = ReplyDetail;
			sourceTree = "<group>";
		};
		A2EE3ECC1320347E00745C1C /* View Controllers */ = {
			isa = PBXGroup;
			children = (
				A28CB5FB132ECD69000B669D /* ReplyDetail */,
				A28CB5FA132ECD61000B669D /* TopicDetail */,
				A28CB5F9132ECD51000B669D /* DropboxDetail */,
				A28CB5F8132ECD43000B669D /* GradebookDetail */,
				A23366601326A44900DC50DD /* Help */,
				A233665F1326A44200DC50DD /* Feedback */,
				A233665E1326A42D00DC50DD /* About */,
				A233665D1326A42500DC50DD /* Settings */,
				A233665213267E2C00DC50DD /* Info */,
				A2EE3ED1132034D200745C1C /* My Profile */,
				A2EE3ED0132034C900745C1C /* People */,
				A2EE3ECF132034C000745C1C /* Courses */,
				A2EE3ECE132034B700745C1C /* Discussions */,
				A2EE3ECD132034B100745C1C /* Home */,
				EA7707331318141F0011FFCB /* Log In */,
			);
			name = "View Controllers";
			sourceTree = "<group>";
		};
		A2EE3ECD132034B100745C1C /* Home */ = {
			isa = PBXGroup;
			children = (
				A2EE3ED2132037DC00745C1C /* HomeViewController.h */,
				A2EE3ED3132037DC00745C1C /* HomeViewController.m */,
				A2FA6E8213206E3B0063268C /* HomeViewController.xib */,
				A214013F1326D186007C9207 /* ActivityTableCell.xib */,
				A21401411326DABD007C9207 /* ActivityTableCell.h */,
				A21401421326DABD007C9207 /* ActivityTableCell.m */,
			);
			name = Home;
			sourceTree = "<group>";
		};
		A2EE3ECE132034B700745C1C /* Discussions */ = {
			isa = PBXGroup;
			children = (
				A2EE3ED71320421800745C1C /* DiscussionsViewController.h */,
				A2EE3ED81320421800745C1C /* DiscussionsViewController.m */,
				A2EE3ED91320421800745C1C /* DiscussionsViewController.xib */,
			);
			name = Discussions;
			sourceTree = "<group>";
		};
		A2EE3ECF132034C000745C1C /* Courses */ = {
			isa = PBXGroup;
			children = (
				A2EE3EDC1320425C00745C1C /* CoursesViewController.h */,
				A2EE3EDD1320425C00745C1C /* CoursesViewController.m */,
				A2EE3EDE1320425C00745C1C /* CoursesViewController.xib */,
			);
			name = Courses;
			sourceTree = "<group>";
		};
		A2EE3ED0132034C900745C1C /* People */ = {
			isa = PBXGroup;
			children = (
				A2EE3EE11320429400745C1C /* PeopleViewController.h */,
				A2EE3EE21320429400745C1C /* PeopleViewController.m */,
				A2EE3EE31320429400745C1C /* PeopleViewController.xib */,
			);
			name = People;
			sourceTree = "<group>";
		};
		A2EE3ED1132034D200745C1C /* My Profile */ = {
			isa = PBXGroup;
			children = (
				A2EE3EE6132042D800745C1C /* ProfileViewController.h */,
				A2EE3EE7132042D800745C1C /* ProfileViewController.m */,
				A2EE3EE8132042D800745C1C /* ProfileViewController.xib */,
			);
			name = "My Profile";
			sourceTree = "<group>";
		};
		EA7707331318141F0011FFCB /* Log In */ = {
			isa = PBXGroup;
			children = (
				EAAE7D9713142B7A0051B2A9 /* LogInViewController.h */,
				EAAE7D9813142B7A0051B2A9 /* LogInViewController.m */,
				EAAE7D9A13142B7A0051B2A9 /* LogInView.xib */,
			);
			name = "Log In";
			sourceTree = "<group>";
		};
		EA7A9F4B13146C9D00D9EC6A /* Products */ = {
			isa = PBXGroup;
			children = (
				EA7A9F5413146C9E00D9EC6A /* libECAPI.a */,
				EA7A9F5613146C9E00D9EC6A /* Tests.app */,
			);
			name = Products;
			sourceTree = "<group>";
		};
		EAAE7D7313142B7A0051B2A9 = {
			isa = PBXGroup;
			children = (
				A2791F7E132AB35800D900C9 /* QuartzCore.framework */,
				EAAE7D8813142B7A0051B2A9 /* eCollege */,
				EAAE7D8113142B7A0051B2A9 /* Frameworks */,
				EAB6022F131431EA00F62ACF /* Dependent Projects */,
				EAAE7D7F13142B7A0051B2A9 /* Products */,
			);
			sourceTree = "<group>";
		};
		EAAE7D7F13142B7A0051B2A9 /* Products */ = {
			isa = PBXGroup;
			children = (
				EAAE7D7E13142B7A0051B2A9 /* eCollege.app */,
			);
			name = Products;
			sourceTree = "<group>";
		};
		EAAE7D8113142B7A0051B2A9 /* Frameworks */ = {
			isa = PBXGroup;
			children = (
				EA7A9FBF131473D500D9EC6A /* libz.1.2.3.dylib */,
				EA7A9FBD131473A100D9EC6A /* CFNetwork.framework */,
				EA7A9FBB1314738F00D9EC6A /* MobileCoreServices.framework */,
				EA7A9FB91314738300D9EC6A /* SystemConfiguration.framework */,
				EAAE7D8213142B7A0051B2A9 /* UIKit.framework */,
				EAAE7D8413142B7A0051B2A9 /* Foundation.framework */,
				EAAE7D8613142B7A0051B2A9 /* CoreGraphics.framework */,
			);
			name = Frameworks;
			sourceTree = "<group>";
		};
		EAAE7D8813142B7A0051B2A9 /* eCollege */ = {
			isa = PBXGroup;
			children = (
				A27289971326C045001A588D /* Resources */,
				A27289931326BCD2001A588D /* Utilities */,
				A2EE3ECC1320347E00745C1C /* View Controllers */,
				EAD2DFF613181E4900A4D89C /* Client Configuration */,
				EAAE7D9113142B7A0051B2A9 /* eCollegeAppDelegate.h */,
				EAAE7D9213142B7A0051B2A9 /* eCollegeAppDelegate.m */,
				EAAE7D9413142B7A0051B2A9 /* MainWindow.xib */,
				EAAE7D8913142B7A0051B2A9 /* Supporting Files */,
			);
			path = eCollege;
			sourceTree = "<group>";
		};
		EAAE7D8913142B7A0051B2A9 /* Supporting Files */ = {
			isa = PBXGroup;
			children = (
				EAAE7D8A13142B7A0051B2A9 /* eCollege-Info.plist */,
				EAAE7D8B13142B7A0051B2A9 /* InfoPlist.strings */,
				EAAE7D8E13142B7A0051B2A9 /* eCollege-Prefix.pch */,
				EAAE7D8F13142B7A0051B2A9 /* main.m */,
			);
			name = "Supporting Files";
			sourceTree = "<group>";
		};
		EAB6022F131431EA00F62ACF /* Dependent Projects */ = {
			isa = PBXGroup;
			children = (
				EA7A9F5913146E3400D9EC6A /* libECAPI.a */,
				EA7A9F4A13146C9D00D9EC6A /* ECAPI.xcodeproj */,
			);
			name = "Dependent Projects";
			sourceTree = "<group>";
		};
		EAD2DFF613181E4900A4D89C /* Client Configuration */ = {
			isa = PBXGroup;
			children = (
				EAD2DFF713181E7500A4D89C /* ECClientConfiguration.h */,
				EAD2DFF813181E7500A4D89C /* ECClientConfiguration.m */,
			);
			name = "Client Configuration";
			sourceTree = "<group>";
		};
/* End PBXGroup section */

/* Begin PBXNativeTarget section */
		EAAE7D7D13142B7A0051B2A9 /* eCollege */ = {
			isa = PBXNativeTarget;
			buildConfigurationList = EAAE7DB513142B7A0051B2A9 /* Build configuration list for PBXNativeTarget "eCollege" */;
			buildPhases = (
				EAAE7D7A13142B7A0051B2A9 /* Sources */,
				EAAE7D7B13142B7A0051B2A9 /* Frameworks */,
				EAAE7D7C13142B7A0051B2A9 /* Resources */,
			);
			buildRules = (
			);
			dependencies = (
				EA7A9F5813146E2800D9EC6A /* PBXTargetDependency */,
			);
			name = eCollege;
			productName = eCollege;
			productReference = EAAE7D7E13142B7A0051B2A9 /* eCollege.app */;
			productType = "com.apple.product-type.application";
		};
/* End PBXNativeTarget section */

/* Begin PBXProject section */
		EAAE7D7513142B7A0051B2A9 /* Project object */ = {
			isa = PBXProject;
			attributes = {
				ORGANIZATIONNAME = EffectiveUI;
			};
			buildConfigurationList = EAAE7D7813142B7A0051B2A9 /* Build configuration list for PBXProject "eCollege" */;
			compatibilityVersion = "Xcode 3.2";
			developmentRegion = English;
			hasScannedForEncodings = 0;
			knownRegions = (
				en,
				es,
				fr,
			);
			mainGroup = EAAE7D7313142B7A0051B2A9;
			productRefGroup = EAAE7D7F13142B7A0051B2A9 /* Products */;
			projectDirPath = "";
			projectReferences = (
				{
					ProductGroup = EA7A9F4B13146C9D00D9EC6A /* Products */;
					ProjectRef = EA7A9F4A13146C9D00D9EC6A /* ECAPI.xcodeproj */;
				},
			);
			projectRoot = "";
			targets = (
				EAAE7D7D13142B7A0051B2A9 /* eCollege */,
			);
		};
/* End PBXProject section */

/* Begin PBXReferenceProxy section */
		EA7A9F5413146C9E00D9EC6A /* libECAPI.a */ = {
			isa = PBXReferenceProxy;
			fileType = archive.ar;
			path = libECAPI.a;
			remoteRef = EA7A9F5313146C9E00D9EC6A /* PBXContainerItemProxy */;
			sourceTree = BUILT_PRODUCTS_DIR;
		};
		EA7A9F5613146C9E00D9EC6A /* Tests.app */ = {
			isa = PBXReferenceProxy;
			fileType = wrapper.application;
			path = Tests.app;
			remoteRef = EA7A9F5513146C9E00D9EC6A /* PBXContainerItemProxy */;
			sourceTree = BUILT_PRODUCTS_DIR;
		};
/* End PBXReferenceProxy section */

/* Begin PBXResourcesBuildPhase section */
		EAAE7D7C13142B7A0051B2A9 /* Resources */ = {
			isa = PBXResourcesBuildPhase;
			buildActionMask = 2147483647;
			files = (
				EAAE7D8D13142B7A0051B2A9 /* InfoPlist.strings in Resources */,
				EAAE7D9613142B7A0051B2A9 /* MainWindow.xib in Resources */,
				EAAE7D9C13142B7A0051B2A9 /* LogInView.xib in Resources */,
				A2FA6E8013206E3B0063268C /* HomeViewController.xib in Resources */,
				A2EE3EDB1320421800745C1C /* DiscussionsViewController.xib in Resources */,
				A2EE3EE01320425C00745C1C /* CoursesViewController.xib in Resources */,
				A2EE3EE51320429400745C1C /* PeopleViewController.xib in Resources */,
				A2EE3EEA132042D800745C1C /* ProfileViewController.xib in Resources */,
				A233665C13267F2000DC50DD /* InfoTableViewController.xib in Resources */,
				A23366651326A48D00DC50DD /* HelpViewController.xib in Resources */,
				A233666F1326A53C00DC50DD /* FeedbackViewController.xib in Resources */,
				A23366741326A54B00DC50DD /* AboutViewController.xib in Resources */,
				A23366791326A55F00DC50DD /* SettingsViewController.xib in Resources */,
				A27289991326C0AF001A588D /* 53-house.png in Resources */,
				A272899D1326C105001A588D /* 08-chat.png in Resources */,
				A272899F1326C11F001A588D /* 96-book.png in Resources */,
				A27289A11326C180001A588D /* 112-group.png in Resources */,
				A27289A31326C191001A588D /* 123-id-card.png in Resources */,
				A21401401326D186007C9207 /* ActivityTableCell.xib in Resources */,
				A2B0D27F1326FA87008801E2 /* ic_dropbox_submission.png in Resources */,
				A2B0D2801326FA87008801E2 /* ic_exam_submission.png in Resources */,
				A2B0D2811326FA87008801E2 /* ic_grade.png in Resources */,
				A2B0D2821326FA87008801E2 /* ic_remark.png in Resources */,
				A2B0D2831326FA87008801E2 /* ic_thread_post.png in Resources */,
				A2B0D2841326FA87008801E2 /* ic_thread_topic.png in Resources */,
				A27B88AA132EB3B600740C83 /* refresh.png in Resources */,
				A28CB600132ECD95000B669D /* GradebookItemGradeDetailViewController.xib in Resources */,
				A2D1827A133009BE00AAC152 /* arrow.png in Resources */,
			);
			runOnlyForDeploymentPostprocessing = 0;
		};
/* End PBXResourcesBuildPhase section */

/* Begin PBXSourcesBuildPhase section */
		EAAE7D7A13142B7A0051B2A9 /* Sources */ = {
			isa = PBXSourcesBuildPhase;
			buildActionMask = 2147483647;
			files = (
				EAAE7D9013142B7A0051B2A9 /* main.m in Sources */,
				EAAE7D9313142B7A0051B2A9 /* eCollegeAppDelegate.m in Sources */,
				EAAE7D9913142B7A0051B2A9 /* LogInViewController.m in Sources */,
				EAD2DFF913181E7500A4D89C /* ECClientConfiguration.m in Sources */,
				A2EE3ED5132037DC00745C1C /* HomeViewController.m in Sources */,
				A2EE3EDA1320421800745C1C /* DiscussionsViewController.m in Sources */,
				A2EE3EDF1320425C00745C1C /* CoursesViewController.m in Sources */,
				A2EE3EE41320429400745C1C /* PeopleViewController.m in Sources */,
				A2EE3EE9132042D800745C1C /* ProfileViewController.m in Sources */,
				A233665B13267F2000DC50DD /* InfoTableViewController.m in Sources */,
				A233666E1326A53C00DC50DD /* FeedbackViewController.m in Sources */,
				A23366641326A48D00DC50DD /* HelpViewController.m in Sources */,
				A23366731326A54B00DC50DD /* AboutViewController.m in Sources */,
				A23366781326A55F00DC50DD /* SettingsViewController.m in Sources */,
				A27289961326BCE3001A588D /* UIColor+Boost.m in Sources */,
				A21401431326DABD007C9207 /* ActivityTableCell.m in Sources */,
				A2791F82132ABF0800D900C9 /* BlockingActivityView.m in Sources */,
				A2A96751132E826D00554238 /* GTMNSString+HTML.m in Sources */,
				A28CB5FF132ECD95000B669D /* GradebookItemGradeDetailViewController.m in Sources */,
				A2D182781330079600AAC152 /* PullRefreshTableViewController.m in Sources */,
			);
			runOnlyForDeploymentPostprocessing = 0;
		};
/* End PBXSourcesBuildPhase section */

/* Begin PBXTargetDependency section */
		EA7A9F5813146E2800D9EC6A /* PBXTargetDependency */ = {
			isa = PBXTargetDependency;
			name = ECAPI;
			targetProxy = EA7A9F5713146E2800D9EC6A /* PBXContainerItemProxy */;
		};
/* End PBXTargetDependency section */

/* Begin PBXVariantGroup section */
		A2FA6E8213206E3B0063268C /* HomeViewController.xib */ = {
			isa = PBXVariantGroup;
			children = (
				A2FA6E8113206E3B0063268C /* en */,
			);
			name = HomeViewController.xib;
			sourceTree = "<group>";
		};
		EAAE7D8B13142B7A0051B2A9 /* InfoPlist.strings */ = {
			isa = PBXVariantGroup;
			children = (
				EAAE7D8C13142B7A0051B2A9 /* en */,
			);
			name = InfoPlist.strings;
			sourceTree = "<group>";
		};
		EAAE7D9413142B7A0051B2A9 /* MainWindow.xib */ = {
			isa = PBXVariantGroup;
			children = (
				EAAE7D9513142B7A0051B2A9 /* en */,
			);
			name = MainWindow.xib;
			sourceTree = "<group>";
		};
		EAAE7D9A13142B7A0051B2A9 /* LogInView.xib */ = {
			isa = PBXVariantGroup;
			children = (
				EAAE7D9B13142B7A0051B2A9 /* en */,
			);
			name = LogInView.xib;
			sourceTree = "<group>";
		};
/* End PBXVariantGroup section */

/* Begin XCBuildConfiguration section */
		EAAE7DB313142B7A0051B2A9 /* Debug */ = {
			isa = XCBuildConfiguration;
			buildSettings = {
				ARCHS = "$(ARCHS_STANDARD_32_BIT)";
				"CODE_SIGN_IDENTITY[sdk=iphoneos*]" = "iPhone Developer";
				GCC_C_LANGUAGE_STANDARD = gnu99;
				GCC_OPTIMIZATION_LEVEL = 0;
				GCC_PREPROCESSOR_DEFINITIONS = DEBUG;
				GCC_VERSION = com.apple.compilers.llvm.clang.1_0;
				GCC_WARN_ABOUT_RETURN_TYPE = YES;
				GCC_WARN_UNUSED_VARIABLE = YES;
				IPHONEOS_DEPLOYMENT_TARGET = 4.2;
				SDKROOT = iphoneos;
			};
			name = Debug;
		};
		EAAE7DB413142B7A0051B2A9 /* Release */ = {
			isa = XCBuildConfiguration;
			buildSettings = {
				ARCHS = "$(ARCHS_STANDARD_32_BIT)";
				"CODE_SIGN_IDENTITY[sdk=iphoneos*]" = "iPhone Developer";
				GCC_C_LANGUAGE_STANDARD = gnu99;
				GCC_VERSION = com.apple.compilers.llvm.clang.1_0;
				GCC_WARN_ABOUT_RETURN_TYPE = YES;
				GCC_WARN_UNUSED_VARIABLE = YES;
				IPHONEOS_DEPLOYMENT_TARGET = 4.2;
				OTHER_CFLAGS = "-DNS_BLOCK_ASSERTIONS=1";
				SDKROOT = iphoneos;
			};
			name = Release;
		};
		EAAE7DB613142B7A0051B2A9 /* Debug */ = {
			isa = XCBuildConfiguration;
			buildSettings = {
				ALWAYS_SEARCH_USER_PATHS = NO;
				COPY_PHASE_STRIP = NO;
				GCC_DYNAMIC_NO_PIC = NO;
				GCC_PRECOMPILE_PREFIX_HEADER = YES;
				GCC_PREFIX_HEADER = "eCollege/eCollege-Prefix.pch";
				HEADER_SEARCH_PATHS = "$(BUILD_DIR)/$(CONFIGURATION)$(EFFECTIVE_PLATFORM_NAME)/usr/local/include";
				INFOPLIST_FILE = "eCollege/eCollege-Info.plist";
				INSTALL_PATH = "$(LOCAL_APPS_DIR)";
				LIBRARY_SEARCH_PATHS = (
					"$(inherited)",
					"\"$(SRCROOT)\"",
				);
				OTHER_LDFLAGS = "-ObjC";
				PRODUCT_NAME = "$(TARGET_NAME)";
				USER_HEADER_SEARCH_PATHS = "";
				WRAPPER_EXTENSION = app;
			};
			name = Debug;
		};
		EAAE7DB713142B7A0051B2A9 /* Release */ = {
			isa = XCBuildConfiguration;
			buildSettings = {
				ALWAYS_SEARCH_USER_PATHS = NO;
				COPY_PHASE_STRIP = YES;
				GCC_PRECOMPILE_PREFIX_HEADER = YES;
				GCC_PREFIX_HEADER = "eCollege/eCollege-Prefix.pch";
				HEADER_SEARCH_PATHS = "$(BUILD_DIR)/$(CONFIGURATION)$(EFFECTIVE_PLATFORM_NAME)/usr/local/include";
				INFOPLIST_FILE = "eCollege/eCollege-Info.plist";
				INSTALL_PATH = "$(LOCAL_APPS_DIR)";
				LIBRARY_SEARCH_PATHS = (
					"$(inherited)",
					"\"$(SRCROOT)\"",
				);
				OTHER_LDFLAGS = "-ObjC";
				PRODUCT_NAME = "$(TARGET_NAME)";
				USER_HEADER_SEARCH_PATHS = "";
				VALIDATE_PRODUCT = YES;
				WRAPPER_EXTENSION = app;
			};
			name = Release;
		};
/* End XCBuildConfiguration section */

/* Begin XCConfigurationList section */
		EAAE7D7813142B7A0051B2A9 /* Build configuration list for PBXProject "eCollege" */ = {
			isa = XCConfigurationList;
			buildConfigurations = (
				EAAE7DB313142B7A0051B2A9 /* Debug */,
				EAAE7DB413142B7A0051B2A9 /* Release */,
			);
			defaultConfigurationIsVisible = 0;
			defaultConfigurationName = Release;
		};
		EAAE7DB513142B7A0051B2A9 /* Build configuration list for PBXNativeTarget "eCollege" */ = {
			isa = XCConfigurationList;
			buildConfigurations = (
				EAAE7DB613142B7A0051B2A9 /* Debug */,
				EAAE7DB713142B7A0051B2A9 /* Release */,
			);
			defaultConfigurationIsVisible = 0;
			defaultConfigurationName = Release;
		};
/* End XCConfigurationList section */
	};
	rootObject = EAAE7D7513142B7A0051B2A9 /* Project object */;
}
